
Microsoft Visual Studio Solution File, Format Version 12.00
# Visual Studio Version 17
VisualStudioVersion = 17.11.35208.52
MinimumVisualStudioVersion = 10.0.40219.1
Project("{9A19103F-16F7-4668-BE54-9A1E7A4F7556}") = "API", "API\API.csproj", "{5D27DCCA-BD00-47ED-AF89-2F2538516A8F}"
EndProject
Project("{9A19103F-16F7-4668-BE54-9A1E7A4F7556}") = "Data", "Data\Data.csproj", "{9802C12D-A96F-4DFD-94BE-D22E575F49EC}"
EndProject
Project("{9A19103F-16F7-4668-BE54-9A1E7A4F7556}") = "Models", "Models\Models.csproj", "{A6B36F94-C875-49DE-B0A6-B72D650C4617}"
EndProject
Project("{FAE04EC0-301F-11D3-BF4B-00C04F79EFBC}") = "Utilidades", "Utilidades\Utilidades.csproj", "{DFBD0C12-53BC-4FFC-A0E6-4DC20D0EAC5C}"
EndProject
Project("{FAE04EC0-301F-11D3-BF4B-00C04F79EFBC}") = "BLL", "BLL\BLL.csproj", "{B6D9FA4F-694C-4189-97EC-11D2CEED19B4}"
EndProject
Global
	GlobalSection(SolutionConfigurationPlatforms) = preSolution
		Debug|Any CPU = Debug|Any CPU
		Release|Any CPU = Release|Any CPU
	EndGlobalSection
	GlobalSection(ProjectConfigurationPlatforms) = postSolution
		{5D27DCCA-BD00-47ED-AF89-2F2538516A8F}.Debug|Any CPU.ActiveCfg = Debug|Any CPU
		{5D27DCCA-BD00-47ED-AF89-2F2538516A8F}.Debug|Any CPU.Build.0 = Debug|Any CPU
		{5D27DCCA-BD00-47ED-AF89-2F2538516A8F}.Release|Any CPU.ActiveCfg = Release|Any CPU
		{5D27DCCA-BD00-47ED-AF89-2F2538516A8F}.Release|Any CPU.Build.0 = Release|Any CPU
		{9802C12D-A96F-4DFD-94BE-D22E575F49EC}.Debug|Any CPU.ActiveCfg = Debug|Any CPU
		{9802C12D-A96F-4DFD-94BE-D22E575F49EC}.Debug|Any CPU.Build.0 = Debug|Any CPU
		{9802C12D-A96F-4DFD-94BE-D22E575F49EC}.Release|Any CPU.ActiveCfg = Release|Any CPU
		{9802C12D-A96F-4DFD-94BE-D22E575F49EC}.Release|Any CPU.Build.0 = Release|Any CPU
		{A6B36F94-C875-49DE-B0A6-B72D650C4617}.Debug|Any CPU.ActiveCfg = Debug|Any CPU
		{A6B36F94-C875-49DE-B0A6-B72D650C4617}.Debug|Any CPU.Build.0 = Debug|Any CPU
		{A6B36F94-C875-49DE-B0A6-B72D650C4617}.Release|Any CPU.ActiveCfg = Release|Any CPU
		{A6B36F94-C875-49DE-B0A6-B72D650C4617}.Release|Any CPU.Build.0 = Release|Any CPU
		{DFBD0C12-53BC-4FFC-A0E6-4DC20D0EAC5C}.Debug|Any CPU.ActiveCfg = Debug|Any CPU
		{DFBD0C12-53BC-4FFC-A0E6-4DC20D0EAC5C}.Debug|Any CPU.Build.0 = Debug|Any CPU
		{DFBD0C12-53BC-4FFC-A0E6-4DC20D0EAC5C}.Release|Any CPU.ActiveCfg = Release|Any CPU
		{DFBD0C12-53BC-4FFC-A0E6-4DC20D0EAC5C}.Release|Any CPU.Build.0 = Release|Any CPU
		{B6D9FA4F-694C-4189-97EC-11D2CEED19B4}.Debug|Any CPU.ActiveCfg = Debug|Any CPU
		{B6D9FA4F-694C-4189-97EC-11D2CEED19B4}.Debug|Any CPU.Build.0 = Debug|Any CPU
		{B6D9FA4F-694C-4189-97EC-11D2CEED19B4}.Release|Any CPU.ActiveCfg = Release|Any CPU
		{B6D9FA4F-694C-4189-97EC-11D2CEED19B4}.Release|Any CPU.Build.0 = Release|Any CPU
	EndGlobalSection
	GlobalSection(SolutionProperties) = preSolution
		HideSolutionNode = FALSE
	EndGlobalSection
	GlobalSection(ExtensibilityGlobals) = postSolution
		SolutionGuid = {BFB4FF09-0A40-470E-9DB5-D168516A6B92}
	EndGlobalSection
EndGlobal
